
Microsoft Visual Studio Solution File, Format Version 12.00
# Visual Studio 14
VisualStudioVersion = 14.0.25420.1
MinimumVisualStudioVersion = 10.0.40219.1
Project("{2150E333-8FDC-42A3-9474-1A3956D46DE8}") = ".nuget", ".nuget", "{110A03E3-85E1-4366-A82B-3C37FD3ED7EE}"
	ProjectSection(SolutionItems) = preProject
		.nuget\NuGet.Config = .nuget\NuGet.Config
		.nuget\NuGet.exe = .nuget\NuGet.exe
		.nuget\NuGet.targets = .nuget\NuGet.targets
	EndProjectSection
EndProject
Project("{FAE04EC0-301F-11D3-BF4B-00C04F79EFBC}") = "ApiSignalrAngularHub", "DataflowSignalrAngularDemo\ApiSignalrAngularHub.csproj", "{2C06A04B-08D7-46E2-8A4F-2C2204CCECEF}"
EndProject
Project("{FAE04EC0-301F-11D3-BF4B-00C04F79EFBC}") = "DataflowFileService", "DataflowSignalrAngularService\DataflowFileService.csproj", "{742C6E57-8A0F-4455-8E77-B5E8D1E8B420}"
EndProject
Project("{FAE04EC0-301F-11D3-BF4B-00C04F79EFBC}") = "ApiSignalrAngularModel", "ApiSignalrAngularModel\ApiSignalrAngularModel.csproj", "{CDC8EDA9-7724-4C7F-897B-D166137B6DCA}"
EndProject
Project("{FAE04EC0-301F-11D3-BF4B-00C04F79EFBC}") = "DataflowSignalrAngularExecute", "DataflowSignalrAngularExecute\DataflowSignalrAngularExecute.csproj", "{357852F5-2957-4EA0-8D95-A456BCDA7797}"
EndProject
Project("{2150E333-8FDC-42A3-9474-1A3956D46DE8}") = "V2", "V2", "{44D25C51-E370-4A3D-927C-4BC280056279}"
EndProject
Project("{FAE04EC0-301F-11D3-BF4B-00C04F79EFBC}") = "DataflowFileService", "V2\DataflowFileService\DataflowFileService.csproj", "{97D3B41A-4A73-4C96-A2D6-2EC94D2C3ABB}"
EndProject
Global
	GlobalSection(SolutionConfigurationPlatforms) = preSolution
		Debug|Any CPU = Debug|Any CPU
		Release|Any CPU = Release|Any CPU
	EndGlobalSection
	GlobalSection(ProjectConfigurationPlatforms) = postSolution
		{2C06A04B-08D7-46E2-8A4F-2C2204CCECEF}.Debug|Any CPU.ActiveCfg = Debug|Any CPU
		{2C06A04B-08D7-46E2-8A4F-2C2204CCECEF}.Debug|Any CPU.Build.0 = Debug|Any CPU
		{2C06A04B-08D7-46E2-8A4F-2C2204CCECEF}.Release|Any CPU.ActiveCfg = Release|Any CPU
		{2C06A04B-08D7-46E2-8A4F-2C2204CCECEF}.Release|Any CPU.Build.0 = Release|Any CPU
		{742C6E57-8A0F-4455-8E77-B5E8D1E8B420}.Debug|Any CPU.ActiveCfg = Debug|Any CPU
		{742C6E57-8A0F-4455-8E77-B5E8D1E8B420}.Debug|Any CPU.Build.0 = Debug|Any CPU
		{742C6E57-8A0F-4455-8E77-B5E8D1E8B420}.Release|Any CPU.ActiveCfg = Release|Any CPU
		{742C6E57-8A0F-4455-8E77-B5E8D1E8B420}.Release|Any CPU.Build.0 = Release|Any CPU
		{CDC8EDA9-7724-4C7F-897B-D166137B6DCA}.Debug|Any CPU.ActiveCfg = Debug|Any CPU
		{CDC8EDA9-7724-4C7F-897B-D166137B6DCA}.Debug|Any CPU.Build.0 = Debug|Any CPU
		{CDC8EDA9-7724-4C7F-897B-D166137B6DCA}.Release|Any CPU.ActiveCfg = Release|Any CPU
		{CDC8EDA9-7724-4C7F-897B-D166137B6DCA}.Release|Any CPU.Build.0 = Release|Any CPU
		{357852F5-2957-4EA0-8D95-A456BCDA7797}.Debug|Any CPU.ActiveCfg = Debug|Any CPU
		{357852F5-2957-4EA0-8D95-A456BCDA7797}.Debug|Any CPU.Build.0 = Debug|Any CPU
		{357852F5-2957-4EA0-8D95-A456BCDA7797}.Release|Any CPU.ActiveCfg = Release|Any CPU
		{357852F5-2957-4EA0-8D95-A456BCDA7797}.Release|Any CPU.Build.0 = Release|Any CPU
		{97D3B41A-4A73-4C96-A2D6-2EC94D2C3ABB}.Debug|Any CPU.ActiveCfg = Debug|Any CPU
		{97D3B41A-4A73-4C96-A2D6-2EC94D2C3ABB}.Debug|Any CPU.Build.0 = Debug|Any CPU
		{97D3B41A-4A73-4C96-A2D6-2EC94D2C3ABB}.Release|Any CPU.ActiveCfg = Release|Any CPU
		{97D3B41A-4A73-4C96-A2D6-2EC94D2C3ABB}.Release|Any CPU.Build.0 = Release|Any CPU
	EndGlobalSection
	GlobalSection(SolutionProperties) = preSolution
		HideSolutionNode = FALSE
	EndGlobalSection
	GlobalSection(NestedProjects) = preSolution
		{97D3B41A-4A73-4C96-A2D6-2EC94D2C3ABB} = {44D25C51-E370-4A3D-927C-4BC280056279}
	EndGlobalSection
EndGlobal
